
Microsoft Visual Studio Solution File, Format Version 12.00
# Visual Studio Version 16
VisualStudioVersion = 16.0.30516.212
MinimumVisualStudioVersion = 10.0.40219.1
Project("{FAE04EC0-301F-11D3-BF4B-00C04F79EFBC}") = "OpenWithGitKraken", "src\OpenWithGitKraken\OpenWithGitKraken.csproj", "{D4683959-8BB4-4F90-B75F-A0422480A5D8}"
EndProject
Global
	GlobalSection(SolutionConfigurationPlatforms) = preSolution
		Debug|Any CPU = Debug|Any CPU
		Release|Any CPU = Release|Any CPU
	EndGlobalSection
	GlobalSection(ProjectConfigurationPlatforms) = postSolution
		{D4683959-8BB4-4F90-B75F-A0422480A5D8}.Debug|Any CPU.ActiveCfg = Debug|Any CPU
		{D4683959-8BB4-4F90-B75F-A0422480A5D8}.Debug|Any CPU.Build.0 = Debug|Any CPU
		{D4683959-8BB4-4F90-B75F-A0422480A5D8}.Release|Any CPU.ActiveCfg = Release|Any CPU
		{D4683959-8BB4-4F90-B75F-A0422480A5D8}.Release|Any CPU.Build.0 = Release|Any CPU
	EndGlobalSection
	GlobalSection(SolutionProperties) = preSolution
		HideSolutionNode = FALSE
	EndGlobalSection
	GlobalSection(ExtensibilityGlobals) = postSolution
		SolutionGuid = {52045F7B-FC83-4EF5-A52F-BE74C6229C08}
	EndGlobalSection
EndGlobal
