
Microsoft Visual Studio Solution File, Format Version 12.00
# Visual Studio Version 16
VisualStudioVersion = 16.0.30516.212
MinimumVisualStudioVersion = 10.0.40219.1
Project("{FAE04EC0-301F-11D3-BF4B-00C04F79EFBC}") = "OpenWithGitKraken", "src\OpenWithGitKraken\OpenWithGitKraken.csproj", "{D4683959-8BB4-4F90-B75F-A0422480A5D8}"
EndProject
Project("{2150E333-8FDC-42A3-9474-1A3956D46DE8}") = "Solution Items", "Solution Items", "{9D818094-7483-4E23-8A49-82A53E790226}"
EndProject
Project("{9A19103F-16F7-4668-BE54-9A1E7A4F7556}") = "OpenWithGitKraken.Tests", "test\OpenWithGitKraken.Tests\OpenWithGitKraken.Tests.csproj", "{70A2534C-EDD6-4B07-A25E-F3A82E1036BE}"
EndProject
Global
	GlobalSection(SolutionConfigurationPlatforms) = preSolution
		Debug|Any CPU = Debug|Any CPU
		Debug|ARM = Debug|ARM
		Debug|ARM64 = Debug|ARM64
		Debug|x64 = Debug|x64
		Debug|x86 = Debug|x86
		Release|Any CPU = Release|Any CPU
		Release|ARM = Release|ARM
		Release|ARM64 = Release|ARM64
		Release|x64 = Release|x64
		Release|x86 = Release|x86
	EndGlobalSection
	GlobalSection(ProjectConfigurationPlatforms) = postSolution
		{D4683959-8BB4-4F90-B75F-A0422480A5D8}.Debug|Any CPU.ActiveCfg = Debug|Any CPU
		{D4683959-8BB4-4F90-B75F-A0422480A5D8}.Debug|Any CPU.Build.0 = Debug|Any CPU
		{D4683959-8BB4-4F90-B75F-A0422480A5D8}.Debug|ARM.ActiveCfg = Debug|Any CPU
		{D4683959-8BB4-4F90-B75F-A0422480A5D8}.Debug|ARM.Build.0 = Debug|Any CPU
		{D4683959-8BB4-4F90-B75F-A0422480A5D8}.Debug|ARM64.ActiveCfg = Debug|Any CPU
		{D4683959-8BB4-4F90-B75F-A0422480A5D8}.Debug|ARM64.Build.0 = Debug|Any CPU
		{D4683959-8BB4-4F90-B75F-A0422480A5D8}.Debug|x64.ActiveCfg = Debug|Any CPU
		{D4683959-8BB4-4F90-B75F-A0422480A5D8}.Debug|x64.Build.0 = Debug|Any CPU
		{D4683959-8BB4-4F90-B75F-A0422480A5D8}.Debug|x86.ActiveCfg = Debug|Any CPU
		{D4683959-8BB4-4F90-B75F-A0422480A5D8}.Debug|x86.Build.0 = Debug|Any CPU
		{D4683959-8BB4-4F90-B75F-A0422480A5D8}.Release|Any CPU.ActiveCfg = Release|Any CPU
		{D4683959-8BB4-4F90-B75F-A0422480A5D8}.Release|Any CPU.Build.0 = Release|Any CPU
		{D4683959-8BB4-4F90-B75F-A0422480A5D8}.Release|ARM.ActiveCfg = Release|Any CPU
		{D4683959-8BB4-4F90-B75F-A0422480A5D8}.Release|ARM.Build.0 = Release|Any CPU
		{D4683959-8BB4-4F90-B75F-A0422480A5D8}.Release|ARM64.ActiveCfg = Release|Any CPU
		{D4683959-8BB4-4F90-B75F-A0422480A5D8}.Release|ARM64.Build.0 = Release|Any CPU
		{D4683959-8BB4-4F90-B75F-A0422480A5D8}.Release|x64.ActiveCfg = Release|Any CPU
		{D4683959-8BB4-4F90-B75F-A0422480A5D8}.Release|x64.Build.0 = Release|Any CPU
		{D4683959-8BB4-4F90-B75F-A0422480A5D8}.Release|x86.ActiveCfg = Release|Any CPU
		{D4683959-8BB4-4F90-B75F-A0422480A5D8}.Release|x86.Build.0 = Release|Any CPU
		{70A2534C-EDD6-4B07-A25E-F3A82E1036BE}.Debug|Any CPU.ActiveCfg = Debug|Any CPU
		{70A2534C-EDD6-4B07-A25E-F3A82E1036BE}.Debug|Any CPU.Build.0 = Debug|Any CPU
		{70A2534C-EDD6-4B07-A25E-F3A82E1036BE}.Debug|ARM.ActiveCfg = Debug|Any CPU
		{70A2534C-EDD6-4B07-A25E-F3A82E1036BE}.Debug|ARM.Build.0 = Debug|Any CPU
		{70A2534C-EDD6-4B07-A25E-F3A82E1036BE}.Debug|ARM64.ActiveCfg = Debug|Any CPU
		{70A2534C-EDD6-4B07-A25E-F3A82E1036BE}.Debug|ARM64.Build.0 = Debug|Any CPU
		{70A2534C-EDD6-4B07-A25E-F3A82E1036BE}.Debug|x64.ActiveCfg = Debug|Any CPU
		{70A2534C-EDD6-4B07-A25E-F3A82E1036BE}.Debug|x64.Build.0 = Debug|Any CPU
		{70A2534C-EDD6-4B07-A25E-F3A82E1036BE}.Debug|x86.ActiveCfg = Debug|Any CPU
		{70A2534C-EDD6-4B07-A25E-F3A82E1036BE}.Debug|x86.Build.0 = Debug|Any CPU
		{70A2534C-EDD6-4B07-A25E-F3A82E1036BE}.Release|Any CPU.ActiveCfg = Release|Any CPU
		{70A2534C-EDD6-4B07-A25E-F3A82E1036BE}.Release|Any CPU.Build.0 = Release|Any CPU
		{70A2534C-EDD6-4B07-A25E-F3A82E1036BE}.Release|ARM.ActiveCfg = Release|Any CPU
		{70A2534C-EDD6-4B07-A25E-F3A82E1036BE}.Release|ARM.Build.0 = Release|Any CPU
		{70A2534C-EDD6-4B07-A25E-F3A82E1036BE}.Release|ARM64.ActiveCfg = Release|Any CPU
		{70A2534C-EDD6-4B07-A25E-F3A82E1036BE}.Release|ARM64.Build.0 = Release|Any CPU
		{70A2534C-EDD6-4B07-A25E-F3A82E1036BE}.Release|x64.ActiveCfg = Release|Any CPU
		{70A2534C-EDD6-4B07-A25E-F3A82E1036BE}.Release|x64.Build.0 = Release|Any CPU
		{70A2534C-EDD6-4B07-A25E-F3A82E1036BE}.Release|x86.ActiveCfg = Release|Any CPU
		{70A2534C-EDD6-4B07-A25E-F3A82E1036BE}.Release|x86.Build.0 = Release|Any CPU
	EndGlobalSection
	GlobalSection(SolutionProperties) = preSolution
		HideSolutionNode = FALSE
	EndGlobalSection
	GlobalSection(ExtensibilityGlobals) = postSolution
		SolutionGuid = {52045F7B-FC83-4EF5-A52F-BE74C6229C08}
	EndGlobalSection
EndGlobal
